
Microsoft Visual Studio Solution File, Format Version 12.00
# Visual Studio Version 16
VisualStudioVersion = 16.0.31205.134
MinimumVisualStudioVersion = 10.0.40219.1
Project("{FAE04EC0-301F-11D3-BF4B-00C04F79EFBC}") = "Codeacademy C- Variables2", "Codeacademy C- Variables2.csproj", "{96B128EC-FDE7-4A7A-98B5-CBF87F01F85D}"
EndProject
Global
	GlobalSection(SolutionConfigurationPlatforms) = preSolution
		Debug|Any CPU = Debug|Any CPU
		Release|Any CPU = Release|Any CPU
	EndGlobalSection
	GlobalSection(ProjectConfigurationPlatforms) = postSolution
		{96B128EC-FDE7-4A7A-98B5-CBF87F01F85D}.Debug|Any CPU.ActiveCfg = Debug|Any CPU
		{96B128EC-FDE7-4A7A-98B5-CBF87F01F85D}.Debug|Any CPU.Build.0 = Debug|Any CPU
		{96B128EC-FDE7-4A7A-98B5-CBF87F01F85D}.Release|Any CPU.ActiveCfg = Release|Any CPU
		{96B128EC-FDE7-4A7A-98B5-CBF87F01F85D}.Release|Any CPU.Build.0 = Release|Any CPU
	EndGlobalSection
	GlobalSection(SolutionProperties) = preSolution
		HideSolutionNode = FALSE
	EndGlobalSection
	GlobalSection(ExtensibilityGlobals) = postSolution
		SolutionGuid = {48B7CFF5-5BA3-4B36-B1C4-7FC87714F628}
	EndGlobalSection
EndGlobal
